
Microsoft Visual Studio Solution File, Format Version 12.00
# Visual Studio Version 16
VisualStudioVersion = 16.0.32802.440
MinimumVisualStudioVersion = 10.0.40219.1
Project("{FAE04EC0-301F-11D3-BF4B-00C04F79EFBC}") = "Upcasting-Downcasting", "Upcasting-Downcasting.csproj", "{FA7FE7D0-BF23-4037-851A-460CC379B355}"
EndProject
Project("{FAE04EC0-301F-11D3-BF4B-00C04F79EFBC}") = "Service", "..\Service\Service.csproj", "{95B603BE-EFE6-4F34-B4F8-D06C9A69CDEE}"
EndProject
Global
	GlobalSection(SolutionConfigurationPlatforms) = preSolution
		Debug|Any CPU = Debug|Any CPU
		Release|Any CPU = Release|Any CPU
	EndGlobalSection
	GlobalSection(ProjectConfigurationPlatforms) = postSolution
		{FA7FE7D0-BF23-4037-851A-460CC379B355}.Debug|Any CPU.ActiveCfg = Debug|Any CPU
		{FA7FE7D0-BF23-4037-851A-460CC379B355}.Debug|Any CPU.Build.0 = Debug|Any CPU
		{FA7FE7D0-BF23-4037-851A-460CC379B355}.Release|Any CPU.ActiveCfg = Release|Any CPU
		{FA7FE7D0-BF23-4037-851A-460CC379B355}.Release|Any CPU.Build.0 = Release|Any CPU
		{95B603BE-EFE6-4F34-B4F8-D06C9A69CDEE}.Debug|Any CPU.ActiveCfg = Debug|Any CPU
		{95B603BE-EFE6-4F34-B4F8-D06C9A69CDEE}.Debug|Any CPU.Build.0 = Debug|Any CPU
		{95B603BE-EFE6-4F34-B4F8-D06C9A69CDEE}.Release|Any CPU.ActiveCfg = Release|Any CPU
		{95B603BE-EFE6-4F34-B4F8-D06C9A69CDEE}.Release|Any CPU.Build.0 = Release|Any CPU
	EndGlobalSection
	GlobalSection(SolutionProperties) = preSolution
		HideSolutionNode = FALSE
	EndGlobalSection
	GlobalSection(ExtensibilityGlobals) = postSolution
		SolutionGuid = {344436AC-59D5-450F-9966-9AB8CB1148CB}
	EndGlobalSection
EndGlobal
